
Microsoft Visual Studio Solution File, Format Version 12.00
# Visual Studio Version 17
VisualStudioVersion = 17.10.34928.147
MinimumVisualStudioVersion = 10.0.40219.1
Project("{FAE04EC0-301F-11D3-BF4B-00C04F79EFBC}") = "Onyx_POS", "Onyx_POS\Onyx_POS.csproj", "{A233EC70-483A-4641-8901-C86B4DB78491}"
EndProject
Global
	GlobalSection(SolutionConfigurationPlatforms) = preSolution
		Debug|Any CPU = Debug|Any CPU
		Release|Any CPU = Release|Any CPU
	EndGlobalSection
	GlobalSection(ProjectConfigurationPlatforms) = postSolution
		{A233EC70-483A-4641-8901-C86B4DB78491}.Debug|Any CPU.ActiveCfg = Debug|Any CPU
		{A233EC70-483A-4641-8901-C86B4DB78491}.Debug|Any CPU.Build.0 = Debug|Any CPU
		{A233EC70-483A-4641-8901-C86B4DB78491}.Release|Any CPU.ActiveCfg = Release|Any CPU
		{A233EC70-483A-4641-8901-C86B4DB78491}.Release|Any CPU.Build.0 = Release|Any CPU
	EndGlobalSection
	GlobalSection(SolutionProperties) = preSolution
		HideSolutionNode = FALSE
	EndGlobalSection
	GlobalSection(ExtensibilityGlobals) = postSolution
		SolutionGuid = {B44B398C-3865-46FC-9FE0-76FDDFD244DF}
	EndGlobalSection
EndGlobal
